// !$*UTF8*$!
{
	archiveVersion = 1;
	classes = {
	};
	objectVersion = 46;
	objects = {

/* Begin PBXBuildFile section */
		145D6BAC1F908AC7004AD5FB /* AppDelegate.swift in Sources */ = {isa = PBXBuildFile; fileRef = 145D6BAB1F908AC7004AD5FB /* AppDelegate.swift */; };
		145D6BAE1F908AC7004AD5FB /* ViewController.swift in Sources */ = {isa = PBXBuildFile; fileRef = 145D6BAD1F908AC7004AD5FB /* ViewController.swift */; };
		145D6BB11F908AC7004AD5FB /* Main.storyboard in Resources */ = {isa = PBXBuildFile; fileRef = 145D6BAF1F908AC7004AD5FB /* Main.storyboard */; };
		145D6BB31F908AC7004AD5FB /* Assets.xcassets in Resources */ = {isa = PBXBuildFile; fileRef = 145D6BB21F908AC7004AD5FB /* Assets.xcassets */; };
		145D6BB61F908AC7004AD5FB /* LaunchScreen.storyboard in Resources */ = {isa = PBXBuildFile; fileRef = 145D6BB41F908AC7004AD5FB /* LaunchScreen.storyboard */; };
		145D6BC11F908AC7004AD5FB /* text2Tests.swift in Sources */ = {isa = PBXBuildFile; fileRef = 145D6BC01F908AC7004AD5FB /* text2Tests.swift */; };
		145D6BCC1F908AC7004AD5FB /* text2UITests.swift in Sources */ = {isa = PBXBuildFile; fileRef = 145D6BCB1F908AC7004AD5FB /* text2UITests.swift */; };
		145D6BDA1F908C49004AD5FB /* TableViewController.swift in Sources */ = {isa = PBXBuildFile; fileRef = 145D6BD91F908C49004AD5FB /* TableViewController.swift */; };
/* End PBXBuildFile section */

/* Begin PBXContainerItemProxy section */
		145D6BBD1F908AC7004AD5FB /* PBXContainerItemProxy */ = {
			isa = PBXContainerItemProxy;
			containerPortal = 145D6BA01F908AC7004AD5FB /* Project object */;
			proxyType = 1;
			remoteGlobalIDString = 145D6BA71F908AC7004AD5FB;
			remoteInfo = text2;
		};
		145D6BC81F908AC7004AD5FB /* PBXContainerItemProxy */ = {
			isa = PBXContainerItemProxy;
			containerPortal = 145D6BA01F908AC7004AD5FB /* Project object */;
			proxyType = 1;
			remoteGlobalIDString = 145D6BA71F908AC7004AD5FB;
			remoteInfo = text2;
		};
/* End PBXContainerItemProxy section */

/* Begin PBXFileReference section */
		145D6BA81F908AC7004AD5FB /* text2.app */ = {isa = PBXFileReference; explicitFileType = wrapper.application; includeInIndex = 0; path = text2.app; sourceTree = BUILT_PRODUCTS_DIR; };
		145D6BAB1F908AC7004AD5FB /* AppDelegate.swift */ = {isa = PBXFileReference; lastKnownFileType = sourcecode.swift; path = AppDelegate.swift; sourceTree = "<group>"; };
		145D6BAD1F908AC7004AD5FB /* ViewController.swift */ = {isa = PBXFileReference; lastKnownFileType = sourcecode.swift; path = ViewController.swift; sourceTree = "<group>"; };
		145D6BB01F908AC7004AD5FB /* Base */ = {isa = PBXFileReference; lastKnownFileType = file.storyboard; name = Base; path = Base.lproj/Main.storyboard; sourceTree = "<group>"; };
		145D6BB21F908AC7004AD5FB /* Assets.xcassets */ = {isa = PBXFileReference; lastKnownFileType = folder.assetcatalog; path = Assets.xcassets; sourceTree = "<group>"; };
		145D6BB51F908AC7004AD5FB /* Base */ = {isa = PBXFileReference; lastKnownFileType = file.storyboard; name = Base; path = Base.lproj/LaunchScreen.storyboard; sourceTree = "<group>"; };
		145D6BB71F908AC7004AD5FB /* Info.plist */ = {isa = PBXFileReference; lastKnownFileType = text.plist.xml; path = Info.plist; sourceTree = "<group>"; };
		145D6BBC1F908AC7004AD5FB /* text2Tests.xctest */ = {isa = PBXFileReference; explicitFileType = wrapper.cfbundle; includeInIndex = 0; path = text2Tests.xctest; sourceTree = BUILT_PRODUCTS_DIR; };
		145D6BC01F908AC7004AD5FB /* text2Tests.swift */ = {isa = PBXFileReference; lastKnownFileType = sourcecode.swift; path = text2Tests.swift; sourceTree = "<group>"; };
		145D6BC21F908AC7004AD5FB /* Info.plist */ = {isa = PBXFileReference; lastKnownFileType = text.plist.xml; path = Info.plist; sourceTree = "<group>"; };
		145D6BC71F908AC7004AD5FB /* text2UITests.xctest */ = {isa = PBXFileReference; explicitFileType = wrapper.cfbundle; includeInIndex = 0; path = text2UITests.xctest; sourceTree = BUILT_PRODUCTS_DIR; };
		145D6BCB1F908AC7004AD5FB /* text2UITests.swift */ = {isa = PBXFileReference; lastKnownFileType = sourcecode.swift; path = text2UITests.swift; sourceTree = "<group>"; };
		145D6BCD1F908AC7004AD5FB /* Info.plist */ = {isa = PBXFileReference; lastKnownFileType = text.plist.xml; path = Info.plist; sourceTree = "<group>"; };
		145D6BD91F908C49004AD5FB /* TableViewController.swift */ = {isa = PBXFileReference; fileEncoding = 4; lastKnownFileType = sourcecode.swift; path = TableViewController.swift; sourceTree = "<group>"; };
/* End PBXFileReference section */

/* Begin PBXFrameworksBuildPhase section */
		145D6BA51F908AC7004AD5FB /* Frameworks */ = {
			isa = PBXFrameworksBuildPhase;
			buildActionMask = 2147483647;
			files = (
			);
			runOnlyForDeploymentPostprocessing = 0;
		};
		145D6BB91F908AC7004AD5FB /* Frameworks */ = {
			isa = PBXFrameworksBuildPhase;
			buildActionMask = 2147483647;
			files = (
			);
			runOnlyForDeploymentPostprocessing = 0;
		};
		145D6BC41F908AC7004AD5FB /* Frameworks */ = {
			isa = PBXFrameworksBuildPhase;
			buildActionMask = 2147483647;
			files = (
			);
			runOnlyForDeploymentPostprocessing = 0;
		};
/* End PBXFrameworksBuildPhase section */

/* Begin PBXGroup section */
		145D6B9F1F908AC7004AD5FB = {
			isa = PBXGroup;
			children = (
				145D6BAA1F908AC7004AD5FB /* text2 */,
				145D6BBF1F908AC7004AD5FB /* text2Tests */,
				145D6BCA1F908AC7004AD5FB /* text2UITests */,
				145D6BA91F908AC7004AD5FB /* Products */,
			);
			sourceTree = "<group>";
		};
		145D6BA91F908AC7004AD5FB /* Products */ = {
			isa = PBXGroup;
			children = (
				145D6BA81F908AC7004AD5FB /* text2.app */,
				145D6BBC1F908AC7004AD5FB /* text2Tests.xctest */,
				145D6BC71F908AC7004AD5FB /* text2UITests.xctest */,
			);
			name = Products;
			sourceTree = "<group>";
		};
		145D6BAA1F908AC7004AD5FB /* text2 */ = {
			isa = PBXGroup;
			children = (
				145D6BAB1F908AC7004AD5FB /* AppDelegate.swift */,
				145D6BAD1F908AC7004AD5FB /* ViewController.swift */,
				145D6BAF1F908AC7004AD5FB /* Main.storyboard */,
				145D6BB21F908AC7004AD5FB /* Assets.xcassets */,
				145D6BB41F908AC7004AD5FB /* LaunchScreen.storyboard */,
				145D6BB71F908AC7004AD5FB /* Info.plist */,
				145D6BD91F908C49004AD5FB /* TableViewController.swift */,
			);
			path = text2;
			sourceTree = "<group>";
		};
		145D6BBF1F908AC7004AD5FB /* text2Tests */ = {
			isa = PBXGroup;
			children = (
				145D6BC01F908AC7004AD5FB /* text2Tests.swift */,
				145D6BC21F908AC7004AD5FB /* Info.plist */,
			);
			path = text2Tests;
			sourceTree = "<group>";
		};
		145D6BCA1F908AC7004AD5FB /* text2UITests */ = {
			isa = PBXGroup;
			children = (
				145D6BCB1F908AC7004AD5FB /* text2UITests.swift */,
				145D6BCD1F908AC7004AD5FB /* Info.plist */,
			);
			path = text2UITests;
			sourceTree = "<group>";
		};
/* End PBXGroup section */

/* Begin PBXNativeTarget section */
		145D6BA71F908AC7004AD5FB /* text2 */ = {
			isa = PBXNativeTarget;
			buildConfigurationList = 145D6BD01F908AC7004AD5FB /* Build configuration list for PBXNativeTarget "text2" */;
			buildPhases = (
				145D6BA41F908AC7004AD5FB /* Sources */,
				145D6BA51F908AC7004AD5FB /* Frameworks */,
				145D6BA61F908AC7004AD5FB /* Resources */,
			);
			buildRules = (
			);
			dependencies = (
			);
			name = text2;
			productName = text2;
			productReference = 145D6BA81F908AC7004AD5FB /* text2.app */;
			productType = "com.apple.product-type.application";
		};
		145D6BBB1F908AC7004AD5FB /* text2Tests */ = {
			isa = PBXNativeTarget;
			buildConfigurationList = 145D6BD31F908AC7004AD5FB /* Build configuration list for PBXNativeTarget "text2Tests" */;
			buildPhases = (
				145D6BB81F908AC7004AD5FB /* Sources */,
				145D6BB91F908AC7004AD5FB /* Frameworks */,
				145D6BBA1F908AC7004AD5FB /* Resources */,
			);
			buildRules = (
			);
			dependencies = (
				145D6BBE1F908AC7004AD5FB /* PBXTargetDependency */,
			);
			name = text2Tests;
			productName = text2Tests;
			productReference = 145D6BBC1F908AC7004AD5FB /* text2Tests.xctest */;
			productType = "com.apple.product-type.bundle.unit-test";
		};
		145D6BC61F908AC7004AD5FB /* text2UITests */ = {
			isa = PBXNativeTarget;
			buildConfigurationList = 145D6BD61F908AC7004AD5FB /* Build configuration list for PBXNativeTarget "text2UITests" */;
			buildPhases = (
				145D6BC31F908AC7004AD5FB /* Sources */,
				145D6BC41F908AC7004AD5FB /* Frameworks */,
				145D6BC51F908AC7004AD5FB /* Resources */,
			);
			buildRules = (
			);
			dependencies = (
				145D6BC91F908AC7004AD5FB /* PBXTargetDependency */,
			);
			name = text2UITests;
			productName = text2UITests;
			productReference = 145D6BC71F908AC7004AD5FB /* text2UITests.xctest */;
			productType = "com.apple.product-type.bundle.ui-testing";
		};
/* End PBXNativeTarget section */

/* Begin PBXProject section */
		145D6BA01F908AC7004AD5FB /* Project object */ = {
			isa = PBXProject;
			attributes = {
				LastSwiftUpdateCheck = 0830;
				LastUpgradeCheck = 0830;
				ORGANIZATIONNAME = RTC34;
				TargetAttributes = {
					145D6BA71F908AC7004AD5FB = {
						CreatedOnToolsVersion = 8.3.3;
						ProvisioningStyle = Automatic;
					};
					145D6BBB1F908AC7004AD5FB = {
						CreatedOnToolsVersion = 8.3.3;
						ProvisioningStyle = Automatic;
						TestTargetID = 145D6BA71F908AC7004AD5FB;
					};
					145D6BC61F908AC7004AD5FB = {
						CreatedOnToolsVersion = 8.3.3;
						ProvisioningStyle = Automatic;
						TestTargetID = 145D6BA71F908AC7004AD5FB;
					};
				};
			};
			buildConfigurationList = 145D6BA31F908AC7004AD5FB /* Build configuration list for PBXProject "text2" */;
			compatibilityVersion = "Xcode 3.2";
			developmentRegion = English;
			hasScannedForEncodings = 0;
			knownRegions = (
				en,
				Base,
			);
			mainGroup = 145D6B9F1F908AC7004AD5FB;
			productRefGroup = 145D6BA91F908AC7004AD5FB /* Products */;
			projectDirPath = "";
			projectRoot = "";
			targets = (
				145D6BA71F908AC7004AD5FB /* text2 */,
				145D6BBB1F908AC7004AD5FB /* text2Tests */,
				145D6BC61F908AC7004AD5FB /* text2UITests */,
			);
		};
/* End PBXProject section */

/* Begin PBXResourcesBuildPhase section */
		145D6BA61F908AC7004AD5FB /* Resources */ = {
			isa = PBXResourcesBuildPhase;
			buildActionMask = 2147483647;
			files = (
				145D6BB61F908AC7004AD5FB /* LaunchScreen.storyboard in Resources */,
				145D6BB31F908AC7004AD5FB /* Assets.xcassets in Resources */,
				145D6BB11F908AC7004AD5FB /* Main.storyboard in Resources */,
			);
			runOnlyForDeploymentPostprocessing = 0;
		};
		145D6BBA1F908AC7004AD5FB /* Resources */ = {
			isa = PBXResourcesBuildPhase;
			buildActionMask = 2147483647;
			files = (
			);
			runOnlyForDeploymentPostprocessing = 0;
		};
		145D6BC51F908AC7004AD5FB /* Resources */ = {
			isa = PBXResourcesBuildPhase;
			buildActionMask = 2147483647;
			files = (
			);
			runOnlyForDeploymentPostprocessing = 0;
		};
/* End PBXResourcesBuildPhase section */

/* Begin PBXSourcesBuildPhase section */
		145D6BA41F908AC7004AD5FB /* Sources */ = {
			isa = PBXSourcesBuildPhase;
			buildActionMask = 2147483647;
			files = (
				145D6BAE1F908AC7004AD5FB /* ViewController.swift in Sources */,
				145D6BDA1F908C49004AD5FB /* TableViewController.swift in Sources */,
				145D6BAC1F908AC7004AD5FB /* AppDelegate.swift in Sources */,
			);
			runOnlyForDeploymentPostprocessing = 0;
		};
		145D6BB81F908AC7004AD5FB /* Sources */ = {
			isa = PBXSourcesBuildPhase;
			buildActionMask = 2147483647;
			files = (
				145D6BC11F908AC7004AD5FB /* text2Tests.swift in Sources */,
			);
			runOnlyForDeploymentPostprocessing = 0;
		};
		145D6BC31F908AC7004AD5FB /* Sources */ = {
			isa = PBXSourcesBuildPhase;
			buildActionMask = 2147483647;
			files = (
				145D6BCC1F908AC7004AD5FB /* text2UITests.swift in Sources */,
			);
			runOnlyForDeploymentPostprocessing = 0;
		};
/* End PBXSourcesBuildPhase section */

/* Begin PBXTargetDependency section */
		145D6BBE1F908AC7004AD5FB /* PBXTargetDependency */ = {
			isa = PBXTargetDependency;
			target = 145D6BA71F908AC7004AD5FB /* text2 */;
			targetProxy = 145D6BBD1F908AC7004AD5FB /* PBXContainerItemProxy */;
		};
		145D6BC91F908AC7004AD5FB /* PBXTargetDependency */ = {
			isa = PBXTargetDependency;
			target = 145D6BA71F908AC7004AD5FB /* text2 */;
			targetProxy = 145D6BC81F908AC7004AD5FB /* PBXContainerItemProxy */;
		};
/* End PBXTargetDependency section */

/* Begin PBXVariantGroup section */
		145D6BAF1F908AC7004AD5FB /* Main.storyboard */ = {
			isa = PBXVariantGroup;
			children = (
				145D6BB01F908AC7004AD5FB /* Base */,
			);
			name = Main.storyboard;
			sourceTree = "<group>";
		};
		145D6BB41F908AC7004AD5FB /* LaunchScreen.storyboard */ = {
			isa = PBXVariantGroup;
			children = (
				145D6BB51F908AC7004AD5FB /* Base */,
			);
			name = LaunchScreen.storyboard;
			sourceTree = "<group>";
		};
/* End PBXVariantGroup section */

/* Begin XCBuildConfiguration section */
		145D6BCE1F908AC7004AD5FB /* Debug */ = {
			isa = XCBuildConfiguration;
			buildSettings = {
				ALWAYS_SEARCH_USER_PATHS = NO;
				CLANG_ANALYZER_NONNULL = YES;
				CLANG_ANALYZER_NUMBER_OBJECT_CONVERSION = YES_AGGRESSIVE;
				CLANG_CXX_LANGUAGE_STANDARD = "gnu++0x";
				CLANG_CXX_LIBRARY = "libc++";
				CLANG_ENABLE_MODULES = YES;
				CLANG_ENABLE_OBJC_ARC = YES;
				CLANG_WARN_BOOL_CONVERSION = YES;
				CLANG_WARN_CONSTANT_CONVERSION = YES;
				CLANG_WARN_DIRECT_OBJC_ISA_USAGE = YES_ERROR;
				CLANG_WARN_DOCUMENTATION_COMMENTS = YES;
				CLANG_WARN_EMPTY_BODY = YES;
				CLANG_WARN_ENUM_CONVERSION = YES;
				CLANG_WARN_INFINITE_RECURSION = YES;
				CLANG_WARN_INT_CONVERSION = YES;
				CLANG_WARN_OBJC_ROOT_CLASS = YES_ERROR;
				CLANG_WARN_SUSPICIOUS_MOVE = YES;
				CLANG_WARN_UNREACHABLE_CODE = YES;
				CLANG_WARN__DUPLICATE_METHOD_MATCH = YES;
				"CODE_SIGN_IDENTITY[sdk=iphoneos*]" = "iPhone Developer";
				COPY_PHASE_STRIP = NO;
				DEBUG_INFORMATION_FORMAT = dwarf;
				ENABLE_STRICT_OBJC_MSGSEND = YES;
				ENABLE_TESTABILITY = YES;
				GCC_C_LANGUAGE_STANDARD = gnu99;
				GCC_DYNAMIC_NO_PIC = NO;
				GCC_NO_COMMON_BLOCKS = YES;
				GCC_OPTIMIZATION_LEVEL = 0;
				GCC_PREPROCESSOR_DEFINITIONS = (
					"DEBUG=1",
					"$(inherited)",
				);
				GCC_WARN_64_TO_32_BIT_CONVERSION = YES;
				GCC_WARN_ABOUT_RETURN_TYPE = YES_ERROR;
				GCC_WARN_UNDECLARED_SELECTOR = YES;
				GCC_WARN_UNINITIALIZED_AUTOS = YES_AGGRESSIVE;
				GCC_WARN_UNUSED_FUNCTION = YES;
				GCC_WARN_UNUSED_VARIABLE = YES;
				IPHONEOS_DEPLOYMENT_TARGET = 10.3;
				MTL_ENABLE_DEBUG_INFO = YES;
				ONLY_ACTIVE_ARCH = YES;
				SDKROOT = iphoneos;
				SWIFT_ACTIVE_COMPILATION_CONDITIONS = DEBUG;
				SWIFT_OPTIMIZATION_LEVEL = "-Onone";
				TARGETED_DEVICE_FAMILY = "1,2";
			};
			name = Debug;
		};
		145D6BCF1F908AC7004AD5FB /* Release */ = {
			isa = XCBuildConfiguration;
			buildSettings = {
				ALWAYS_SEARCH_USER_PATHS = NO;
				CLANG_ANALYZER_NONNULL = YES;
				CLANG_ANALYZER_NUMBER_OBJECT_CONVERSION = YES_AGGRESSIVE;
				CLANG_CXX_LANGUAGE_STANDARD = "gnu++0x";
				CLANG_CXX_LIBRARY = "libc++";
				CLANG_ENABLE_MODULES = YES;
				CLANG_ENABLE_OBJC_ARC = YES;
				CLANG_WARN_BOOL_CONVERSION = YES;
				CLANG_WARN_CONSTANT_CONVERSION = YES;
				CLANG_WARN_DIRECT_OBJC_ISA_USAGE = YES_ERROR;
				CLANG_WARN_DOCUMENTATION_COMMENTS = YES;
				CLANG_WARN_EMPTY_BODY = YES;
				CLANG_WARN_ENUM_CONVERSION = YES;
				CLANG_WARN_INFINITE_RECURSION = YES;
				CLANG_WARN_INT_CONVERSION = YES;
				CLANG_WARN_OBJC_ROOT_CLASS = YES_ERROR;
				CLANG_WARN_SUSPICIOUS_MOVE = YES;
				CLANG_WARN_UNREACHABLE_CODE = YES;
				CLANG_WARN__DUPLICATE_METHOD_MATCH = YES;
				"CODE_SIGN_IDENTITY[sdk=iphoneos*]" = "iPhone Developer";
				COPY_PHASE_STRIP = NO;
				DEBUG_INFORMATION_FORMAT = "dwarf-with-dsym";
				ENABLE_NS_ASSERTIONS = NO;
				ENABLE_STRICT_OBJC_MSGSEND = YES;
				GCC_C_LANGUAGE_STANDARD = gnu99;
				GCC_NO_COMMON_BLOCKS = YES;
				GCC_WARN_64_TO_32_BIT_CONVERSION = YES;
				GCC_WARN_ABOUT_RETURN_TYPE = YES_ERROR;
				GCC_WARN_UNDECLARED_SELECTOR = YES;
				GCC_WARN_UNINITIALIZED_AUTOS = YES_AGGRESSIVE;
				GCC_WARN_UNUSED_FUNCTION = YES;
				GCC_WARN_UNUSED_VARIABLE = YES;
				IPHONEOS_DEPLOYMENT_TARGET = 10.3;
				MTL_ENABLE_DEBUG_INFO = NO;
				SDKROOT = iphoneos;
				SWIFT_OPTIMIZATION_LEVEL = "-Owholemodule";
				TARGETED_DEVICE_FAMILY = "1,2";
				VALIDATE_PRODUCT = YES;
			};
			name = Release;
		};
		145D6BD11F908AC7004AD5FB /* Debug */ = {
			isa = XCBuildConfiguration;
			buildSettings = {
				ASSETCATALOG_COMPILER_APPICON_NAME = AppIcon;
				INFOPLIST_FILE = text2/Info.plist;
				LD_RUNPATH_SEARCH_PATHS = "$(inherited) @executable_path/Frameworks";
				PRODUCT_BUNDLE_IDENTIFIER = handsome.test2;
				PRODUCT_NAME = "$(TARGET_NAME)";
				SWIFT_VERSION = 3.0;
			};
			name = Debug;
		};
		145D6BD21F908AC7004AD5FB /* Release */ = {
			isa = XCBuildConfiguration;
			buildSettings = {
				ASSETCATALOG_COMPILER_APPICON_NAME = AppIcon;
				INFOPLIST_FILE = text2/Info.plist;
				LD_RUNPATH_SEARCH_PATHS = "$(inherited) @executable_path/Frameworks";
				PRODUCT_BUNDLE_IDENTIFIER = handsome.test2;
				PRODUCT_NAME = "$(TARGET_NAME)";
				SWIFT_VERSION = 3.0;
			};
			name = Release;
		};
		145D6BD41F908AC7004AD5FB /* Debug */ = {
			isa = XCBuildConfiguration;
			buildSettings = {
				ALWAYS_EMBED_SWIFT_STANDARD_LIBRARIES = YES;
				BUNDLE_LOADER = "$(TEST_HOST)";
				INFOPLIST_FILE = text2Tests/Info.plist;
				LD_RUNPATH_SEARCH_PATHS = "$(inherited) @executable_path/Frameworks @loader_path/Frameworks";
				PRODUCT_BUNDLE_IDENTIFIER = handsome.text2Tests;
				PRODUCT_NAME = "$(TARGET_NAME)";
				SWIFT_VERSION = 3.0;
				TEST_HOST = "$(BUILT_PRODUCTS_DIR)/text2.app/text2";
			};
			name = Debug;
		};
		145D6BD51F908AC7004AD5FB /* Release */ = {
			isa = XCBuildConfiguration;
			buildSettings = {
				ALWAYS_EMBED_SWIFT_STANDARD_LIBRARIES = YES;
				BUNDLE_LOADER = "$(TEST_HOST)";
				INFOPLIST_FILE = text2Tests/Info.plist;
				LD_RUNPATH_SEARCH_PATHS = "$(inherited) @executable_path/Frameworks @loader_path/Frameworks";
				PRODUCT_BUNDLE_IDENTIFIER = handsome.text2Tests;
				PRODUCT_NAME = "$(TARGET_NAME)";
				SWIFT_VERSION = 3.0;
				TEST_HOST = "$(BUILT_PRODUCTS_DIR)/text2.app/text2";
			};
			name = Release;
		};
		145D6BD71F908AC7004AD5FB /* Debug */ = {
			isa = XCBuildConfiguration;
			buildSettings = {
				ALWAYS_EMBED_SWIFT_STANDARD_LIBRARIES = YES;
				INFOPLIST_FILE = text2UITests/Info.plist;
				LD_RUNPATH_SEARCH_PATHS = "$(inherited) @executable_path/Frameworks @loader_path/Frameworks";
				PRODUCT_BUNDLE_IDENTIFIER = handsome.text2UITests;
				PRODUCT_NAME = "$(TARGET_NAME)";
				SWIFT_VERSION = 3.0;
				TEST_TARGET_NAME = text2;
			};
			name = Debug;
		};
		145D6BD81F908AC7004AD5FB /* Release */ = {
			isa = XCBuildConfiguration;
			buildSettings = {
				ALWAYS_EMBED_SWIFT_STANDARD_LIBRARIES = YES;
				INFOPLIST_FILE = text2UITests/Info.plist;
				LD_RUNPATH_SEARCH_PATHS = "$(inherited) @executable_path/Frameworks @loader_path/Frameworks";
				PRODUCT_BUNDLE_IDENTIFIER = handsome.text2UITests;
				PRODUCT_NAME = "$(TARGET_NAME)";
				SWIFT_VERSION = 3.0;
				TEST_TARGET_NAME = text2;
			};
			name = Release;
		};
/* End XCBuildConfiguration section */

/* Begin XCConfigurationList section */
		145D6BA31F908AC7004AD5FB /* Build configuration list for PBXProject "text2" */ = {
			isa = XCConfigurationList;
			buildConfigurations = (
				145D6BCE1F908AC7004AD5FB /* Debug */,
				145D6BCF1F908AC7004AD5FB /* Release */,
			);
			defaultConfigurationIsVisible = 0;
			defaultConfigurationName = Release;
		};
		145D6BD01F908AC7004AD5FB /* Build configuration list for PBXNativeTarget "text2" */ = {
			isa = XCConfigurationList;
			buildConfigurations = (
				145D6BD11F908AC7004AD5FB /* Debug */,
				145D6BD21F908AC7004AD5FB /* Release */,
			);
			defaultConfigurationIsVisible = 0;
		};
		145D6BD31F908AC7004AD5FB /* Build configuration list for PBXNativeTarget "text2Tests" */ = {
			isa = XCConfigurationList;
			buildConfigurations = (
				145D6BD41F908AC7004AD5FB /* Debug */,
				145D6BD51F908AC7004AD5FB /* Release */,
			);
			defaultConfigurationIsVisible = 0;
		};
		145D6BD61F908AC7004AD5FB /* Build configuration list for PBXNativeTarget "text2UITests" */ = {
			isa = XCConfigurationList;
			buildConfigurations = (
				145D6BD71F908AC7004AD5FB /* Debug */,
				145D6BD81F908AC7004AD5FB /* Release */,
			);
			defaultConfigurationIsVisible = 0;
		};
/* End XCConfigurationList section */
	};
	rootObject = 145D6BA01F908AC7004AD5FB /* Project object */;
}
